
Microsoft Visual Studio Solution File, Format Version 12.00
# Visual Studio Version 16
VisualStudioVersion = 16.0.31424.327
MinimumVisualStudioVersion = 10.0.40219.1
Project("{FAE04EC0-301F-11D3-BF4B-00C04F79EFBC}") = "Hagrid-QuikTrip", "Hagrid-QuikTrip.csproj", "{05571B03-375E-4C9E-962E-4F4569D19DB3}"
EndProject
Global
	GlobalSection(SolutionConfigurationPlatforms) = preSolution
		Debug|Any CPU = Debug|Any CPU
		Release|Any CPU = Release|Any CPU
	EndGlobalSection
	GlobalSection(ProjectConfigurationPlatforms) = postSolution
		{05571B03-375E-4C9E-962E-4F4569D19DB3}.Debug|Any CPU.ActiveCfg = Debug|Any CPU
		{05571B03-375E-4C9E-962E-4F4569D19DB3}.Debug|Any CPU.Build.0 = Debug|Any CPU
		{05571B03-375E-4C9E-962E-4F4569D19DB3}.Release|Any CPU.ActiveCfg = Release|Any CPU
		{05571B03-375E-4C9E-962E-4F4569D19DB3}.Release|Any CPU.Build.0 = Release|Any CPU
	EndGlobalSection
	GlobalSection(SolutionProperties) = preSolution
		HideSolutionNode = FALSE
	EndGlobalSection
	GlobalSection(ExtensibilityGlobals) = postSolution
		SolutionGuid = {B327432D-ACEC-40BD-B7F0-54C7F92C2344}
	EndGlobalSection
EndGlobal
